
Microsoft Visual Studio Solution File, Format Version 12.00
# Visual Studio 2012
Project("{FAE04EC0-301F-11D3-BF4B-00C04F79EFBC}") = "LGroup.ActiveRecord.Model", "LGroup.ActiveRecord.Model\LGroup.ActiveRecord.Model.csproj", "{C7DF6D4B-0700-49EB-89F1-0B577D33B4C3}"
EndProject
Project("{FAE04EC0-301F-11D3-BF4B-00C04F79EFBC}") = "LGroup.ActiveRecord.Test", "LGroup.ActiveRecord.Test\LGroup.ActiveRecord.Test.csproj", "{C8D89B46-E0C3-49A3-9C1F-E9045AA8176E}"
EndProject
Global
	GlobalSection(SolutionConfigurationPlatforms) = preSolution
		Debug|Any CPU = Debug|Any CPU
		Release|Any CPU = Release|Any CPU
	EndGlobalSection
	GlobalSection(ProjectConfigurationPlatforms) = postSolution
		{C7DF6D4B-0700-49EB-89F1-0B577D33B4C3}.Debug|Any CPU.ActiveCfg = Debug|Any CPU
		{C7DF6D4B-0700-49EB-89F1-0B577D33B4C3}.Debug|Any CPU.Build.0 = Debug|Any CPU
		{C7DF6D4B-0700-49EB-89F1-0B577D33B4C3}.Release|Any CPU.ActiveCfg = Release|Any CPU
		{C7DF6D4B-0700-49EB-89F1-0B577D33B4C3}.Release|Any CPU.Build.0 = Release|Any CPU
		{C8D89B46-E0C3-49A3-9C1F-E9045AA8176E}.Debug|Any CPU.ActiveCfg = Debug|Any CPU
		{C8D89B46-E0C3-49A3-9C1F-E9045AA8176E}.Debug|Any CPU.Build.0 = Debug|Any CPU
		{C8D89B46-E0C3-49A3-9C1F-E9045AA8176E}.Release|Any CPU.ActiveCfg = Release|Any CPU
		{C8D89B46-E0C3-49A3-9C1F-E9045AA8176E}.Release|Any CPU.Build.0 = Release|Any CPU
	EndGlobalSection
	GlobalSection(SolutionProperties) = preSolution
		HideSolutionNode = FALSE
	EndGlobalSection
EndGlobal
